
Microsoft Visual Studio Solution File, Format Version 12.00
# Visual Studio Version 17
VisualStudioVersion = 17.11.35327.3
MinimumVisualStudioVersion = 10.0.40219.1
Project("{9A19103F-16F7-4668-BE54-9A1E7A4F7556}") = "MM2RandoLib", "MM2RandoLib\MM2RandoLib.csproj", "{2F96FE8D-29DC-46F3-9D26-FC85DC2225C8}"
EndProject
Project("{9A19103F-16F7-4668-BE54-9A1E7A4F7556}") = "RandomizerHost", "RandomizerHost\RandomizerHost.csproj", "{38EECF7E-6242-4407-9D3B-6B8CAC414C44}"
EndProject
Project("{9A19103F-16F7-4668-BE54-9A1E7A4F7556}") = "FtRandoLib", "FtRandoLib\FtRandoLib.csproj", "{B2DD3A1D-E34D-4C33-BC89-616FE57DCF7A}"
EndProject
Project("{9A19103F-16F7-4668-BE54-9A1E7A4F7556}") = "snarfblasm", "snarfblasm\snarfblasm.csproj", "{32A2ABA0-B151-43DD-BCC9-30F409E219BA}"
EndProject
Global
	GlobalSection(SolutionConfigurationPlatforms) = preSolution
		Debug|Any CPU = Debug|Any CPU
		Debug|x64 = Debug|x64
		Debug|x86 = Debug|x86
		Release|Any CPU = Release|Any CPU
		Release|x64 = Release|x64
		Release|x86 = Release|x86
	EndGlobalSection
	GlobalSection(ProjectConfigurationPlatforms) = postSolution
		{2F96FE8D-29DC-46F3-9D26-FC85DC2225C8}.Debug|Any CPU.ActiveCfg = Debug|Any CPU
		{2F96FE8D-29DC-46F3-9D26-FC85DC2225C8}.Debug|Any CPU.Build.0 = Debug|Any CPU
		{2F96FE8D-29DC-46F3-9D26-FC85DC2225C8}.Debug|x64.ActiveCfg = Debug|x64
		{2F96FE8D-29DC-46F3-9D26-FC85DC2225C8}.Debug|x64.Build.0 = Debug|x64
		{2F96FE8D-29DC-46F3-9D26-FC85DC2225C8}.Debug|x86.ActiveCfg = Debug|Any CPU
		{2F96FE8D-29DC-46F3-9D26-FC85DC2225C8}.Debug|x86.Build.0 = Debug|Any CPU
		{2F96FE8D-29DC-46F3-9D26-FC85DC2225C8}.Release|Any CPU.ActiveCfg = Release|Any CPU
		{2F96FE8D-29DC-46F3-9D26-FC85DC2225C8}.Release|Any CPU.Build.0 = Release|Any CPU
		{2F96FE8D-29DC-46F3-9D26-FC85DC2225C8}.Release|x64.ActiveCfg = Release|x64
		{2F96FE8D-29DC-46F3-9D26-FC85DC2225C8}.Release|x64.Build.0 = Release|x64
		{2F96FE8D-29DC-46F3-9D26-FC85DC2225C8}.Release|x86.ActiveCfg = Release|Any CPU
		{2F96FE8D-29DC-46F3-9D26-FC85DC2225C8}.Release|x86.Build.0 = Release|Any CPU
		{38EECF7E-6242-4407-9D3B-6B8CAC414C44}.Debug|Any CPU.ActiveCfg = Debug|Any CPU
		{38EECF7E-6242-4407-9D3B-6B8CAC414C44}.Debug|Any CPU.Build.0 = Debug|Any CPU
		{38EECF7E-6242-4407-9D3B-6B8CAC414C44}.Debug|x64.ActiveCfg = Debug|Any CPU
		{38EECF7E-6242-4407-9D3B-6B8CAC414C44}.Debug|x64.Build.0 = Debug|Any CPU
		{38EECF7E-6242-4407-9D3B-6B8CAC414C44}.Debug|x86.ActiveCfg = Debug|Any CPU
		{38EECF7E-6242-4407-9D3B-6B8CAC414C44}.Debug|x86.Build.0 = Debug|Any CPU
		{38EECF7E-6242-4407-9D3B-6B8CAC414C44}.Release|Any CPU.ActiveCfg = Release|Any CPU
		{38EECF7E-6242-4407-9D3B-6B8CAC414C44}.Release|Any CPU.Build.0 = Release|Any CPU
		{38EECF7E-6242-4407-9D3B-6B8CAC414C44}.Release|x64.ActiveCfg = Release|Any CPU
		{38EECF7E-6242-4407-9D3B-6B8CAC414C44}.Release|x64.Build.0 = Release|Any CPU
		{38EECF7E-6242-4407-9D3B-6B8CAC414C44}.Release|x86.ActiveCfg = Release|Any CPU
		{38EECF7E-6242-4407-9D3B-6B8CAC414C44}.Release|x86.Build.0 = Release|Any CPU
		{B2DD3A1D-E34D-4C33-BC89-616FE57DCF7A}.Debug|Any CPU.ActiveCfg = Debug|Any CPU
		{B2DD3A1D-E34D-4C33-BC89-616FE57DCF7A}.Debug|Any CPU.Build.0 = Debug|Any CPU
		{B2DD3A1D-E34D-4C33-BC89-616FE57DCF7A}.Debug|x64.ActiveCfg = Debug|Any CPU
		{B2DD3A1D-E34D-4C33-BC89-616FE57DCF7A}.Debug|x64.Build.0 = Debug|Any CPU
		{B2DD3A1D-E34D-4C33-BC89-616FE57DCF7A}.Debug|x86.ActiveCfg = Debug|Any CPU
		{B2DD3A1D-E34D-4C33-BC89-616FE57DCF7A}.Debug|x86.Build.0 = Debug|Any CPU
		{B2DD3A1D-E34D-4C33-BC89-616FE57DCF7A}.Release|Any CPU.ActiveCfg = Release|Any CPU
		{B2DD3A1D-E34D-4C33-BC89-616FE57DCF7A}.Release|Any CPU.Build.0 = Release|Any CPU
		{B2DD3A1D-E34D-4C33-BC89-616FE57DCF7A}.Release|x64.ActiveCfg = Release|Any CPU
		{B2DD3A1D-E34D-4C33-BC89-616FE57DCF7A}.Release|x64.Build.0 = Release|Any CPU
		{B2DD3A1D-E34D-4C33-BC89-616FE57DCF7A}.Release|x86.ActiveCfg = Release|Any CPU
		{B2DD3A1D-E34D-4C33-BC89-616FE57DCF7A}.Release|x86.Build.0 = Release|Any CPU
		{32A2ABA0-B151-43DD-BCC9-30F409E219BA}.Debug|Any CPU.ActiveCfg = Debug|Any CPU
		{32A2ABA0-B151-43DD-BCC9-30F409E219BA}.Debug|Any CPU.Build.0 = Debug|Any CPU
		{32A2ABA0-B151-43DD-BCC9-30F409E219BA}.Debug|x64.ActiveCfg = Debug|Any CPU
		{32A2ABA0-B151-43DD-BCC9-30F409E219BA}.Debug|x64.Build.0 = Debug|Any CPU
		{32A2ABA0-B151-43DD-BCC9-30F409E219BA}.Debug|x86.ActiveCfg = Debug|x86
		{32A2ABA0-B151-43DD-BCC9-30F409E219BA}.Debug|x86.Build.0 = Debug|x86
		{32A2ABA0-B151-43DD-BCC9-30F409E219BA}.Release|Any CPU.ActiveCfg = Release|Any CPU
		{32A2ABA0-B151-43DD-BCC9-30F409E219BA}.Release|Any CPU.Build.0 = Release|Any CPU
		{32A2ABA0-B151-43DD-BCC9-30F409E219BA}.Release|x64.ActiveCfg = Release|Any CPU
		{32A2ABA0-B151-43DD-BCC9-30F409E219BA}.Release|x64.Build.0 = Release|Any CPU
		{32A2ABA0-B151-43DD-BCC9-30F409E219BA}.Release|x86.ActiveCfg = Release|x86
		{32A2ABA0-B151-43DD-BCC9-30F409E219BA}.Release|x86.Build.0 = Release|x86
	EndGlobalSection
	GlobalSection(SolutionProperties) = preSolution
		HideSolutionNode = FALSE
	EndGlobalSection
	GlobalSection(ExtensibilityGlobals) = postSolution
		SolutionGuid = {0A433506-4D6A-42A1-AD39-F9AF55A48934}
	EndGlobalSection
EndGlobal
